{
  "pins" : [
    {
      "identity" : "nodejs-ios",
      "kind" : "remoteSourceControl",
      "location" : "https://github.com/kewlbear/nodejs-ios.git",
      "state" : {
        "branch" : "main",
        "revision" : "c0c49b3b4522ad651ebd8b794bb9b3b4cfe18588"
      }
    }
  ],
  "version" : 2
}
